
Microsoft Visual Studio Solution File, Format Version 12.00
# Visual Studio Version 17
VisualStudioVersion = 17.4.33213.308
MinimumVisualStudioVersion = 10.0.40219.1
Project("{FAE04EC0-301F-11D3-BF4B-00C04F79EFBC}") = "VTS_LIB", "VTS_LIB\VTS_LIB.csproj", "{55ABF033-5D6F-423F-A307-8DE19924A0F3}"
EndProject
Project("{FAE04EC0-301F-11D3-BF4B-00C04F79EFBC}") = "Test", "Test\Test.csproj", "{4DAA880F-5582-4B5A-A03C-BBF7312877B1}"
EndProject
Global
	GlobalSection(SolutionConfigurationPlatforms) = preSolution
		Debug|Any CPU = Debug|Any CPU
		Release|Any CPU = Release|Any CPU
	EndGlobalSection
	GlobalSection(ProjectConfigurationPlatforms) = postSolution
		{55ABF033-5D6F-423F-A307-8DE19924A0F3}.Debug|Any CPU.ActiveCfg = Debug|Any CPU
		{55ABF033-5D6F-423F-A307-8DE19924A0F3}.Debug|Any CPU.Build.0 = Debug|Any CPU
		{55ABF033-5D6F-423F-A307-8DE19924A0F3}.Release|Any CPU.ActiveCfg = Release|Any CPU
		{55ABF033-5D6F-423F-A307-8DE19924A0F3}.Release|Any CPU.Build.0 = Release|Any CPU
		{4DAA880F-5582-4B5A-A03C-BBF7312877B1}.Debug|Any CPU.ActiveCfg = Debug|Any CPU
		{4DAA880F-5582-4B5A-A03C-BBF7312877B1}.Debug|Any CPU.Build.0 = Debug|Any CPU
		{4DAA880F-5582-4B5A-A03C-BBF7312877B1}.Release|Any CPU.ActiveCfg = Release|Any CPU
		{4DAA880F-5582-4B5A-A03C-BBF7312877B1}.Release|Any CPU.Build.0 = Release|Any CPU
	EndGlobalSection
	GlobalSection(SolutionProperties) = preSolution
		HideSolutionNode = FALSE
	EndGlobalSection
	GlobalSection(ExtensibilityGlobals) = postSolution
		SolutionGuid = {CE4654E7-6393-4F94-B9A7-A3A1DC38EF5D}
	EndGlobalSection
EndGlobal
